
Microsoft Visual Studio Solution File, Format Version 12.00
# Visual Studio Version 16
VisualStudioVersion = 16.0.29403.142
MinimumVisualStudioVersion = 10.0.40219.1
Project("{8BC9CEB8-8B4A-11D0-8D11-00A0C91BC942}") = "IteratorApplication01", "IteratorApplication01\IteratorApplication01.vcxproj", "{E9630EC9-6287-44D8-9F3D-779818EFD47B}"
EndProject
Project("{8BC9CEB8-8B4A-11D0-8D11-00A0C91BC942}") = "IteratorApplication02", "IteratorApplication02\IteratorApplication02.vcxproj", "{FFB6FBBF-25D4-4DDE-B4D3-53007353E0AB}"
EndProject
Project("{8BC9CEB8-8B4A-11D0-8D11-00A0C91BC942}") = "IteratorApplication03", "IteratorApplication03\IteratorApplication03.vcxproj", "{49F22949-6A3A-4B44-A778-1DFB78072DDE}"
EndProject
Project("{8BC9CEB8-8B4A-11D0-8D11-00A0C91BC942}") = "IteratorApplication04", "IteratorApplication04\IteratorApplication04.vcxproj", "{31A160E9-3DD1-4C78-BCB2-6F1C23522D3B}"
EndProject
Project("{8BC9CEB8-8B4A-11D0-8D11-00A0C91BC942}") = "IteratorApplication05", "IteratorApplication05\IteratorApplication05.vcxproj", "{37A38F7C-43E0-4D60-96E3-F52810A768A9}"
EndProject
Global
	GlobalSection(SolutionConfigurationPlatforms) = preSolution
		Debug|x64 = Debug|x64
		Debug|x86 = Debug|x86
		Release|x64 = Release|x64
		Release|x86 = Release|x86
	EndGlobalSection
	GlobalSection(ProjectConfigurationPlatforms) = postSolution
		{E9630EC9-6287-44D8-9F3D-779818EFD47B}.Debug|x64.ActiveCfg = Debug|x64
		{E9630EC9-6287-44D8-9F3D-779818EFD47B}.Debug|x64.Build.0 = Debug|x64
		{E9630EC9-6287-44D8-9F3D-779818EFD47B}.Debug|x86.ActiveCfg = Debug|Win32
		{E9630EC9-6287-44D8-9F3D-779818EFD47B}.Debug|x86.Build.0 = Debug|Win32
		{E9630EC9-6287-44D8-9F3D-779818EFD47B}.Release|x64.ActiveCfg = Release|x64
		{E9630EC9-6287-44D8-9F3D-779818EFD47B}.Release|x64.Build.0 = Release|x64
		{E9630EC9-6287-44D8-9F3D-779818EFD47B}.Release|x86.ActiveCfg = Release|Win32
		{E9630EC9-6287-44D8-9F3D-779818EFD47B}.Release|x86.Build.0 = Release|Win32
		{FFB6FBBF-25D4-4DDE-B4D3-53007353E0AB}.Debug|x64.ActiveCfg = Debug|x64
		{FFB6FBBF-25D4-4DDE-B4D3-53007353E0AB}.Debug|x64.Build.0 = Debug|x64
		{FFB6FBBF-25D4-4DDE-B4D3-53007353E0AB}.Debug|x86.ActiveCfg = Debug|Win32
		{FFB6FBBF-25D4-4DDE-B4D3-53007353E0AB}.Debug|x86.Build.0 = Debug|Win32
		{FFB6FBBF-25D4-4DDE-B4D3-53007353E0AB}.Release|x64.ActiveCfg = Release|x64
		{FFB6FBBF-25D4-4DDE-B4D3-53007353E0AB}.Release|x64.Build.0 = Release|x64
		{FFB6FBBF-25D4-4DDE-B4D3-53007353E0AB}.Release|x86.ActiveCfg = Release|Win32
		{FFB6FBBF-25D4-4DDE-B4D3-53007353E0AB}.Release|x86.Build.0 = Release|Win32
		{49F22949-6A3A-4B44-A778-1DFB78072DDE}.Debug|x64.ActiveCfg = Debug|x64
		{49F22949-6A3A-4B44-A778-1DFB78072DDE}.Debug|x64.Build.0 = Debug|x64
		{49F22949-6A3A-4B44-A778-1DFB78072DDE}.Debug|x86.ActiveCfg = Debug|Win32
		{49F22949-6A3A-4B44-A778-1DFB78072DDE}.Debug|x86.Build.0 = Debug|Win32
		{49F22949-6A3A-4B44-A778-1DFB78072DDE}.Release|x64.ActiveCfg = Release|x64
		{49F22949-6A3A-4B44-A778-1DFB78072DDE}.Release|x64.Build.0 = Release|x64
		{49F22949-6A3A-4B44-A778-1DFB78072DDE}.Release|x86.ActiveCfg = Release|Win32
		{49F22949-6A3A-4B44-A778-1DFB78072DDE}.Release|x86.Build.0 = Release|Win32
		{31A160E9-3DD1-4C78-BCB2-6F1C23522D3B}.Debug|x64.ActiveCfg = Debug|x64
		{31A160E9-3DD1-4C78-BCB2-6F1C23522D3B}.Debug|x64.Build.0 = Debug|x64
		{31A160E9-3DD1-4C78-BCB2-6F1C23522D3B}.Debug|x86.ActiveCfg = Debug|Win32
		{31A160E9-3DD1-4C78-BCB2-6F1C23522D3B}.Debug|x86.Build.0 = Debug|Win32
		{31A160E9-3DD1-4C78-BCB2-6F1C23522D3B}.Release|x64.ActiveCfg = Release|x64
		{31A160E9-3DD1-4C78-BCB2-6F1C23522D3B}.Release|x64.Build.0 = Release|x64
		{31A160E9-3DD1-4C78-BCB2-6F1C23522D3B}.Release|x86.ActiveCfg = Release|Win32
		{31A160E9-3DD1-4C78-BCB2-6F1C23522D3B}.Release|x86.Build.0 = Release|Win32
		{37A38F7C-43E0-4D60-96E3-F52810A768A9}.Debug|x64.ActiveCfg = Debug|x64
		{37A38F7C-43E0-4D60-96E3-F52810A768A9}.Debug|x64.Build.0 = Debug|x64
		{37A38F7C-43E0-4D60-96E3-F52810A768A9}.Debug|x86.ActiveCfg = Debug|Win32
		{37A38F7C-43E0-4D60-96E3-F52810A768A9}.Debug|x86.Build.0 = Debug|Win32
		{37A38F7C-43E0-4D60-96E3-F52810A768A9}.Release|x64.ActiveCfg = Release|x64
		{37A38F7C-43E0-4D60-96E3-F52810A768A9}.Release|x64.Build.0 = Release|x64
		{37A38F7C-43E0-4D60-96E3-F52810A768A9}.Release|x86.ActiveCfg = Release|Win32
		{37A38F7C-43E0-4D60-96E3-F52810A768A9}.Release|x86.Build.0 = Release|Win32
	EndGlobalSection
	GlobalSection(SolutionProperties) = preSolution
		HideSolutionNode = FALSE
	EndGlobalSection
	GlobalSection(ExtensibilityGlobals) = postSolution
		SolutionGuid = {F0060A42-CA72-439F-8C6A-F24DF693973F}
	EndGlobalSection
EndGlobal
